
Microsoft Visual Studio Solution File, Format Version 12.00
Project("{FAE04EC0-301F-11D3-BF4B-00C04F79EFBC}") = "schoolLibrary", "schoolLibrary\schoolLibrary.csproj", "{F34B421D-C371-42CA-B741-76F61EDF2954}"
EndProject
Project("{FAE04EC0-301F-11D3-BF4B-00C04F79EFBC}") = "schoolFormsApp", "schoolFormsApp\schoolFormsApp.csproj", "{D18A3BDF-FD38-468A-9BB6-B7F54B3BFAD2}"
EndProject
Global
	GlobalSection(SolutionConfigurationPlatforms) = preSolution
		Debug|Any CPU = Debug|Any CPU
		Release|Any CPU = Release|Any CPU
	EndGlobalSection
	GlobalSection(ProjectConfigurationPlatforms) = postSolution
		{F34B421D-C371-42CA-B741-76F61EDF2954}.Debug|Any CPU.ActiveCfg = Debug|Any CPU
		{F34B421D-C371-42CA-B741-76F61EDF2954}.Debug|Any CPU.Build.0 = Debug|Any CPU
		{F34B421D-C371-42CA-B741-76F61EDF2954}.Release|Any CPU.ActiveCfg = Release|Any CPU
		{F34B421D-C371-42CA-B741-76F61EDF2954}.Release|Any CPU.Build.0 = Release|Any CPU
		{D18A3BDF-FD38-468A-9BB6-B7F54B3BFAD2}.Debug|Any CPU.ActiveCfg = Debug|Any CPU
		{D18A3BDF-FD38-468A-9BB6-B7F54B3BFAD2}.Debug|Any CPU.Build.0 = Debug|Any CPU
		{D18A3BDF-FD38-468A-9BB6-B7F54B3BFAD2}.Release|Any CPU.ActiveCfg = Release|Any CPU
		{D18A3BDF-FD38-468A-9BB6-B7F54B3BFAD2}.Release|Any CPU.Build.0 = Release|Any CPU
	EndGlobalSection
EndGlobal
